
Microsoft Visual Studio Solution File, Format Version 12.00
# Visual Studio Version 16
VisualStudioVersion = 16.0.32228.343
MinimumVisualStudioVersion = 10.0.40219.1
Project("{8BC9CEB8-8B4A-11D0-8D11-00A0C91BC942}") = "Ejercicio 1Hoja4", "Ejercicio 1\Ejercicio 1.vcxproj", "{90F9E80C-D51C-4DA9-8DA5-D1EBD0F7583F}"
EndProject
Project("{8BC9CEB8-8B4A-11D0-8D11-00A0C91BC942}") = "Ejercicio 3 hoja   4", "Ejercicio 2 hoja   4\Ejercicio 2 hoja   4.vcxproj", "{D8694871-9386-4EE0-9C4E-70078F3D3F1D}"
EndProject
Project("{8BC9CEB8-8B4A-11D0-8D11-00A0C91BC942}") = "Ejercicio 4 Hoja 4", "Ejercicio 4\Ejercicio 4.vcxproj", "{F4D1180F-320F-458D-B150-E226D794D858}"
EndProject
Global
	GlobalSection(SolutionConfigurationPlatforms) = preSolution
		Debug|x64 = Debug|x64
		Debug|x86 = Debug|x86
		Release|x64 = Release|x64
		Release|x86 = Release|x86
	EndGlobalSection
	GlobalSection(ProjectConfigurationPlatforms) = postSolution
		{90F9E80C-D51C-4DA9-8DA5-D1EBD0F7583F}.Debug|x64.ActiveCfg = Debug|x64
		{90F9E80C-D51C-4DA9-8DA5-D1EBD0F7583F}.Debug|x64.Build.0 = Debug|x64
		{90F9E80C-D51C-4DA9-8DA5-D1EBD0F7583F}.Debug|x86.ActiveCfg = Debug|Win32
		{90F9E80C-D51C-4DA9-8DA5-D1EBD0F7583F}.Debug|x86.Build.0 = Debug|Win32
		{90F9E80C-D51C-4DA9-8DA5-D1EBD0F7583F}.Release|x64.ActiveCfg = Release|x64
		{90F9E80C-D51C-4DA9-8DA5-D1EBD0F7583F}.Release|x64.Build.0 = Release|x64
		{90F9E80C-D51C-4DA9-8DA5-D1EBD0F7583F}.Release|x86.ActiveCfg = Release|Win32
		{90F9E80C-D51C-4DA9-8DA5-D1EBD0F7583F}.Release|x86.Build.0 = Release|Win32
		{D8694871-9386-4EE0-9C4E-70078F3D3F1D}.Debug|x64.ActiveCfg = Debug|x64
		{D8694871-9386-4EE0-9C4E-70078F3D3F1D}.Debug|x64.Build.0 = Debug|x64
		{D8694871-9386-4EE0-9C4E-70078F3D3F1D}.Debug|x86.ActiveCfg = Debug|Win32
		{D8694871-9386-4EE0-9C4E-70078F3D3F1D}.Debug|x86.Build.0 = Debug|Win32
		{D8694871-9386-4EE0-9C4E-70078F3D3F1D}.Release|x64.ActiveCfg = Release|x64
		{D8694871-9386-4EE0-9C4E-70078F3D3F1D}.Release|x64.Build.0 = Release|x64
		{D8694871-9386-4EE0-9C4E-70078F3D3F1D}.Release|x86.ActiveCfg = Release|Win32
		{D8694871-9386-4EE0-9C4E-70078F3D3F1D}.Release|x86.Build.0 = Release|Win32
		{F4D1180F-320F-458D-B150-E226D794D858}.Debug|x64.ActiveCfg = Debug|x64
		{F4D1180F-320F-458D-B150-E226D794D858}.Debug|x64.Build.0 = Debug|x64
		{F4D1180F-320F-458D-B150-E226D794D858}.Debug|x86.ActiveCfg = Debug|Win32
		{F4D1180F-320F-458D-B150-E226D794D858}.Debug|x86.Build.0 = Debug|Win32
		{F4D1180F-320F-458D-B150-E226D794D858}.Release|x64.ActiveCfg = Release|x64
		{F4D1180F-320F-458D-B150-E226D794D858}.Release|x64.Build.0 = Release|x64
		{F4D1180F-320F-458D-B150-E226D794D858}.Release|x86.ActiveCfg = Release|Win32
		{F4D1180F-320F-458D-B150-E226D794D858}.Release|x86.Build.0 = Release|Win32
	EndGlobalSection
	GlobalSection(SolutionProperties) = preSolution
		HideSolutionNode = FALSE
	EndGlobalSection
	GlobalSection(ExtensibilityGlobals) = postSolution
		SolutionGuid = {5E374546-9705-4031-B248-9769AF96793A}
	EndGlobalSection
EndGlobal
